Microsoft Visual Studio Solution File, Format Version 12.00
# Visual Studio Version 17
VisualStudioVersion = 17.10.35027.167
MinimumVisualStudioVersion = 10.0.40219.1
Project("{FAE04EC0-301F-11D3-BF4B-00C04F79EFBC}") = "MvvmToolkit.Tests", "MvvmToolkit.Tests\MvvmToolkit.Tests.csproj", "{DAB29460-2865-74B7-C408-74441E7AAC09}"
EndProject
Project("{FAE04EC0-301F-11D3-BF4B-00C04F79EFBC}") = "MvvmToolkit", "MvvmToolkit\MvvmToolkit.csproj", "{6AF32C05-6177-9196-B005-DF1599A141CB}"
EndProject
Global
	GlobalSection(SolutionConfigurationPlatforms) = preSolution
		Debug|Any CPU = Debug|Any CPU
		Release|Any CPU = Release|Any CPU
	EndGlobalSection
	GlobalSection(ProjectConfigurationPlatforms) = postSolution
		{DAB29460-2865-74B7-C408-74441E7AAC09}.Debug|Any CPU.ActiveCfg = Debug|Any CPU
		{DAB29460-2865-74B7-C408-74441E7AAC09}.Debug|Any CPU.Build.0 = Debug|Any CPU
		{DAB29460-2865-74B7-C408-74441E7AAC09}.Release|Any CPU.ActiveCfg = Release|Any CPU
		{DAB29460-2865-74B7-C408-74441E7AAC09}.Release|Any CPU.Build.0 = Release|Any CPU
		{6AF32C05-6177-9196-B005-DF1599A141CB}.Debug|Any CPU.ActiveCfg = Debug|Any CPU
		{6AF32C05-6177-9196-B005-DF1599A141CB}.Debug|Any CPU.Build.0 = Debug|Any CPU
		{6AF32C05-6177-9196-B005-DF1599A141CB}.Release|Any CPU.ActiveCfg = Release|Any CPU
		{6AF32C05-6177-9196-B005-DF1599A141CB}.Release|Any CPU.Build.0 = Release|Any CPU
	EndGlobalSection
	GlobalSection(SolutionProperties) = preSolution
		HideSolutionNode = FALSE
	EndGlobalSection
	GlobalSection(ExtensibilityGlobals) = postSolution
		SolutionGuid = {7D25D4C6-E7A0-4490-8BDE-9076CA666008}
	EndGlobalSection
EndGlobal
